version = 1
revision = 3
requires-python = ">=3.10"

[[package]]
name = "apptools"
version = "5.3.1"
source = { registry = "https://pypi.org/simple" }
dependencies = [
    { name = "traits" },
]
sdist = { url = "https://files.pythonhosted.org/packages/c7/e8/55a5ab9f2a158d21b93a7dfcedf59935663e519564afcf2852ffa1f5d7da/apptools-5.3.1.tar.gz", hash = "sha256:7dd8f3a95ca02fc1c03f82cebbe6bed0f74e74fb93e4f66987fa4d8e606ff167", size = 185335, upload-time = "2025-05-13T13:50:27.562Z" }
wheels = [
    { url = "https://files.pythonhosted.org/packages/c4/7c/56fcf5f5a81f44cf2caac26b4f4b0b3b89e9d9da5992a5b5fe90ed427c13/apptools-5.3.1-py3-none-any.whl", hash = "sha256:964f594627e634dc673326eb59adfacedb7749a6a3279045b5b949cf4a6d1e4a", size = 230085, upload-time = "2025-05-13T13:50:26.011Z" },
]

[package.optional-dependencies]
preferences = [
    { name = "configobj" },
]

[[package]]
name = "configobj"
version = "5.0.9"
source = { registry = "https://pypi.org/simple" }
sdist = { url = "https://files.pythonhosted.org/packages/f5/c4/c7f9e41bc2e5f8eeae4a08a01c91b2aea3dfab40a3e14b25e87e7db8d501/configobj-5.0.9.tar.gz", hash = "sha256:03c881bbf23aa07bccf1b837005975993c4ab4427ba57f959afdd9d1a2386848", size = 101518, upload-time = "2024-09-21T12:47:46.315Z" }
wheels = [
    { url = "https://files.pythonhosted.org/packages/a6/c4/0679472c60052c27efa612b4cd3ddd2a23e885dcdc73461781d2c802d39e/configobj-5.0.9-py2.py3-none-any.whl", hash = "sha256:1ba10c5b6ee16229c79a05047aeda2b55eb4e80d7c7d8ecf17ec1ca600c79882", size = 35615, upload-time = "2024-11-26T14:03:32.972Z" },
]

[[package]]
name = "envisage"
version = "7.0.4"
source = { editable = "." }
dependencies = [
    { name = "apptools", extra = ["preferences"] },
    { name = "pyface" },
    { name = "traits" },
    { name = "traitsui" },
]

[package.metadata]
requires-dist = [
    { name = "apptools", extras = ["preferences"], specifier = ">=5.3" },
    { name = "pyface" },
    { name = "traits", specifier = ">=6.2" },
    { name = "traitsui" },
]

[[package]]
name = "pyface"
version = "8.0.0"
source = { registry = "https://pypi.org/simple" }
dependencies = [
    { name = "traits" },
]
sdist = { url = "https://files.pythonhosted.org/packages/0d/eb/69bbe2ff61ebe978b46d76cba33cc5a4ad3940528cfed322ddbb3843a5b1/pyface-8.0.0.tar.gz", hash = "sha256:7e13618347b7a648ed20cdbd4fd1a51648f5010291f35e4e0ff1bf70a720cbf8", size = 7793450, upload-time = "2023-04-06T12:52:27.619Z" }
wheels = [
    { url = "https://files.pythonhosted.org/packages/52/44/cc3b77aadd047d52625eb8f7361e6b34f114100d95706f0716dc4dde1f99/pyface-8.0.0-py3-none-any.whl", hash = "sha256:f636ffd4b9271767b9c06f67f0b407e04cf79f1ff2b6717a8a106233c48b9cc0", size = 1307345, upload-time = "2023-04-06T12:52:25.802Z" },
]

[[package]]
name = "traits"
version = "7.1.0"
source = { registry = "https://pypi.org/simple" }
sdist = { url = "https://files.pythonhosted.org/packages/66/f2/0ff2e60cfea916fd13957a6725ad9f15d691c9539c1f4d2f7f8e305da43a/traits-7.1.0.tar.gz", hash = "sha256:af4775747e11e05ffe13d3ba463d92f67f1f3d1a9e4f46ba33a44ea22b0c9644", size = 9536051, upload-time = "2025-12-17T17:42:41.874Z" }
wheels = [
    { url = "https://files.pythonhosted.org/packages/22/7b/2bbffa2430e45c7592a38bc5e8c6be056e89f8c28ba9f308d8b7911cf70d/traits-7.1.0-cp310-cp310-macosx_10_9_x86_64.whl", hash = "sha256:2916eb4d588c2dd1fa955f3e978196008f4f323e3f6a8e5467dbc069f2412b42", size = 5035278, upload-time = "2025-12-17T17:47:21.38Z" },
    { url = "https://files.pythonhosted.org/packages/e7/f0/bb7349f99d4fb2a554bb0b1b36f5cd3083e4a1338702e8932097f6c35a4a/traits-7.1.0-cp310-cp310-macosx_11_0_arm64.whl", hash = "sha256:01b7f75a8d535fd69fb31fe9ad7e3c578dc34c8c94df71e579a8706356991180", size = 5036058, upload-time = "2025-12-17T17:50:02.471Z" },
    { url = "https://files.pythonhosted.org/packages/bd/9f/8dfc60b24405bbd1abde14eb7d3a31fe3ca1ee1c1ced2bc3e7b3d818b965/traits-7.1.0-cp310-cp310-manylinux1_x86_64.manylinux_2_28_x86_64.manylinux_2_5_x86_64.whl", hash = "sha256:8d77c65a75fa1b1a2600310de64b9c886296fa4528976c37ce44ad98a605397c", size = 5121309, upload-time = "2025-12-17T17:45:15.685Z" },
    { url = "https://files.pythonhosted.org/packages/67/22/98de6898fe1db20d1709f9e7fd287a11376f2fbdfeca027530d3ddb14f0a/traits-7.1.0-cp310-cp310-musllinux_1_2_x86_64.whl", hash = "sha256:b4d9c73ba48cff255aabbe4517864927648d42c49af082705c3142515ee06cef", size = 5119640, upload-time = "2025-12-17T17:45:16.982Z" },
    { url = "https://files.pythonhosted.org/packages/a6/6f/26ccce479daa68c7a238266f55d4602022d3eae57acf2b79c61e4be300de/traits-7.1.0-cp310-cp310-win32.whl", hash = "sha256:7b923e9f9001e158c393bdcc178108501b65f152dfeddb6f4113875eb09a7699", size = 5034755, upload-time = "2025-12-17T17:51:49.612Z" },
    { url = "https://files.pythonhosted.org/packages/f4/1e/8e31b4b00428739a66b9d44887b14cebef4be8cb83632a8d3eed3c3a1913/traits-7.1.0-cp310-cp310-win_amd64.whl", hash = "sha256:28e0b5ca9082a50285e5d5d63eda84fd84e64a971a304fa67c6239ccc2149a08", size = 5037247, upload-time = "2025-12-17T17:51:50.935Z" },
    { url = "https://files.pythonhosted.org/packages/62/64/d26701c09abd5dfad4d6dc85975ad20d4c134fd9ef6d581316762b516463/traits-7.1.0-cp311-cp311-macosx_10_9_x86_64.whl", hash = "sha256:385947fdb61e955c468590fdf13e85be62c4c9dbb8187130223ce7447750cdfd", size = 5035278, upload-time = "2025-12-17T17:47:22.954Z" },
    { url = "https://files.pythonhosted.org/packages/86/7a/412319fafd53c625bb11b9f8ad27f7b9c8cee297858a2fa98864ef639b1c/traits-7.1.0-cp311-cp311-macosx_11_0_arm64.whl", hash = "sha256:13a7a4b193685245f6cb9eaab242abf7c8880f5c71c3fccef74cf1330d983151", size = 5036062, upload-time = "2025-12-17T17:50:04.067Z" },
    { url = "https://files.pythonhosted.org/packages/61/b8/480ca6d94ff83d3cfbdad56bc75f91a7a4f0a47c08f5f610ca2b9bf3e59f/traits-7.1.0-cp311-cp311-manylinux1_x86_64.manylinux_2_28_x86_64.manylinux_2_5_x86_64.whl", hash = "sha256:5b99d7263f27266f7955991b2263ea790b13ab8b808ee7a4f97a0fa2bd3dd119", size = 5129993, upload-time = "2025-12-17T17:45:18.651Z" },
    { url = "https://files.pythonhosted.org/packages/39/e8/3ead725c7a4438b14a35c65f8a17e2fe1cece8d986d9494ab7efed2069d5/traits-7.1.0-cp311-cp311-musllinux_1_2_x86_64.whl", hash = "sha256:c4ee7e87bb3bbd056bc8486e675fdb3d165d8062efc59094d211ebba15ec0a08", size = 5128181, upload-time = "2025-12-17T17:45:20.408Z" },
    { url = "https://files.pythonhosted.org/packages/7a/86/be96e660019b0bc3450ba7f6da261a6f6f3c70032983d31c84a9eb44c2a6/traits-7.1.0-cp311-cp311-win32.whl", hash = "sha256:29b43992dbf585b339213428e9ec5523eb4edcbe31b8c2794b0fb5c2e3f7ea98", size = 5034753, upload-time = "2025-12-17T17:51:52.154Z" },
    { url = "https://files.pythonhosted.org/packages/a4/ea/a0eb6845a075fd9b56710a29894130bbbc13206549311036137cd038f546/traits-7.1.0-cp311-cp311-win_amd64.whl", hash = "sha256:b90f3f355d0ff41bf3829693239aa11d836d4d43c38fbd3369ec191a429247c7", size = 5037271, upload-time = "2025-12-17T17:51:54.225Z" },
    { url = "https://files.pythonhosted.org/packages/e4/df/65037263e65ec1eff3b93418c334f531220d9c8a743e94ff4f21ffc0590e/traits-7.1.0-cp312-cp312-macosx_10_13_x86_64.whl", hash = "sha256:4806d99ee1fe7372699608c853c4ce66201802f41a0551885c0d5e3b833e8840", size = 5036143, upload-time = "2025-12-17T17:47:24.792Z" },
    { url = "https://files.pythonhosted.org/packages/ff/fe/ac6a32f471ad551c6a87d6808d97488b7f66226afad4a4e3b09cca93f274/traits-7.1.0-cp312-cp312-macosx_11_0_arm64.whl", hash = "sha256:8538dde9d3702bfed3aa45bf9e2b6c30b9616fd06cfcb6856b4607af6b4eb9a3", size = 5036563, upload-time = "2025-12-17T17:50:05.716Z" },
    { url = "https://files.pythonhosted.org/packages/81/96/4c7bd19dc87bbd74a638723ed22293ed3c204e12ee31ced11e5afa7d1c0c/traits-7.1.0-cp312-cp312-manylinux1_x86_64.manylinux_2_28_x86_64.manylinux_2_5_x86_64.whl", hash = "sha256:c3b3e7c7d355f5694547cd1b4d2d2b4c1bf03b1a3822f16cffcf9272fa8ac203", size = 5134465, upload-time = "2025-12-17T17:45:21.61Z" },
    { url = "https://files.pythonhosted.org/packages/01/97/e8c145dedd385bf93b2361011879e83ffdce6089da955b953a27c8fbe51c/traits-7.1.0-cp312-cp312-musllinux_1_2_x86_64.whl", hash = "sha256:3915a0ab2c70487eade1978beab40e7a6cdaafea4355dab13f37009ede16bea3", size = 5132186, upload-time = "2025-12-17T17:45:23.361Z" },
    { url = "https://files.pythonhosted.org/packages/4a/00/21ea3d6c9b07a8acd9b841affa09dd569e0e8913f36abb1f962eb027a5e2/traits-7.1.0-cp312-cp312-win32.whl", hash = "sha256:9d1d93530022cc1e98e7f9afdefa22668007cbfdca95f1be075217195ed737ab", size = 5035123, upload-time = "2025-12-17T17:51:55.408Z" },
    { url = "https://files.pythonhosted.org/packages/c8/c7/2778f06ca3c974db4203d7fa8aa04f7bd10164c7adf127413f4935164741/traits-7.1.0-cp312-cp312-win_amd64.whl", hash = "sha256:03c7c7127f697057340bf6079b4df430c127bef595885bbf28b2ce29c6157e35", size = 5037477, upload-time = "2025-12-17T17:51:56.657Z" },
    { url = "https://files.pythonhosted.org/packages/ac/c7/10d387708bddd755940e0e3fdbf1d4d0c46e34f9176cc935dd36fb3bd7f9/traits-7.1.0-cp313-cp313-macosx_10_13_x86_64.whl", hash = "sha256:06b26994d4d0a186efad04bf4fbc7a3dbd82682c1ece7289c078c473058ff04f", size = 5036146, upload-time = "2025-12-17T17:47:26.06Z" },
    { url = "https://files.pythonhosted.org/packages/fc/85/39747624c3389dbd2ec6df514a2c67347b605ac5ee79502d3d80522a7ba4/traits-7.1.0-cp313-cp313-macosx_11_0_arm64.whl", hash = "sha256:be5a88ad52c44065ad7f5e1032eef937c3ec8cd4dbdb8c34a845e81fbbe1824d", size = 5036579, upload-time = "2025-12-17T17:50:07.045Z" },
    { url = "https://files.pythonhosted.org/packages/93/91/8fe5b01be94e80974b90b1bdc80aa51d0bc0990f681c66f8faee7df1ca83/traits-7.1.0-cp313-cp313-manylinux1_x86_64.manylinux_2_28_x86_64.manylinux_2_5_x86_64.whl", hash = "sha256:13dc38d837fe08961871229df93267f078293a6b137ab5b00cfc448fed328bf2", size = 5134498, upload-time = "2025-12-17T17:45:25.155Z" },
    { url = "https://files.pythonhosted.org/packages/fe/63/07295ceafbdbcc11f663c1bae76dfaae9930fdc485aa82f368b2e0f0000d/traits-7.1.0-cp313-cp313-musllinux_1_2_x86_64.whl", hash = "sha256:7bcb5a723ea145619375f90e3719e938785f70df790a0c2f6b475d2894fa7a60", size = 5132270, upload-time = "2025-12-17T17:45:27.207Z" },
    { url = "https://files.pythonhosted.org/packages/ca/3a/3a71eb552291cd964dc2888098a390f5d57e41e1c3d80163d6b68e792cb5/traits-7.1.0-cp313-cp313-win32.whl", hash = "sha256:44633018f82bec3c3c2a5830c016a3bc7e7281ed952a19dcc0ec8dc0f191526b", size = 5035135, upload-time = "2025-12-17T17:51:58.306Z" },
    { url = "https://files.pythonhosted.org/packages/86/4f/141198dd72f54fc640659e21e0deee10fa2bdbc1582b5bb2fd46dd4970d8/traits-7.1.0-cp313-cp313-win_amd64.whl", hash = "sha256:9436e73f89c5faac62171931b1c887a0e01851744e9bdc8249e761eeb54f8382", size = 5037568, upload-time = "2025-12-17T17:51:59.652Z" },
    { url = "https://files.pythonhosted.org/packages/f3/a6/a0c1c75ae421e78a8a780355fa21d3d1abdb1084957fe520e9dacb860d87/traits-7.1.0-cp314-cp314-macosx_10_15_x86_64.whl", hash = "sha256:d52c056e54e52f5e8e9ac597381a14516bb35d22c68bdefac2b4e059a98cd602", size = 5036215, upload-time = "2025-12-17T17:47:27.28Z" },
    { url = "https://files.pythonhosted.org/packages/27/28/27d9e57172ee8b26550c8d946675ab78c2ca20de7e5e8a41d1fe9e8c40a3/traits-7.1.0-cp314-cp314-macosx_11_0_arm64.whl", hash = "sha256:257fd0c4abafebca275a3ceaf94fd3d293c731ed8eeb1cf0e6f247697dfc5d1e", size = 5036489, upload-time = "2025-12-17T17:50:08.669Z" },
    { url = "https://files.pythonhosted.org/packages/1f/56/1535540e527a699786e78e498b18271a9429bfc2c20f4045e49d405e5a70/traits-7.1.0-cp314-cp314-manylinux1_x86_64.manylinux_2_28_x86_64.manylinux_2_5_x86_64.whl", hash = "sha256:7220c9f3182f310a0288c4147d521732480d6921aad50383f1d3ca75f6fa0a00", size = 5133287, upload-time = "2025-12-17T17:45:28.8Z" },
    { url = "https://files.pythonhosted.org/packages/2d/a5/3e78afdd2895b619ad72748384f6b0accf09e82167d0a6da869b6006b538/traits-7.1.0-cp314-cp314-musllinux_1_2_x86_64.whl", hash = "sha256:6efa50f773128b638ed93ca3ba6cf926ce018f586ce454f54747955a1b965eff", size = 5131098, upload-time = "2025-12-17T17:45:30.094Z" },
    { url = "https://files.pythonhosted.org/packages/08/c4/f8b6aba87926fbee4f887a14041ab7599c4b4db3f0e921c1b48ef8ea1bed/traits-7.1.0-cp314-cp314-win32.whl", hash = "sha256:123a408ea7ff3fd8c2e9090387e3a51d905728324c070b77a163414b8d2874e3", size = 5033992, upload-time = "2025-12-17T17:52:01.217Z" },
    { url = "https://files.pythonhosted.org/packages/1b/ea/980e219dbdb6e756ef26dfb7b11d2312a47d19583eb2801f7b7330d8add1/traits-7.1.0-cp314-cp314-win_amd64.whl", hash = "sha256:ea1592d7097530fbf42367e2977d0dd27da91d7046eea00ab63ace8416ffce32", size = 5036578, upload-time = "2025-12-17T17:52:02.369Z" },
    { url = "https://files.pythonhosted.org/packages/45/30/ed3539e74ba6ed94558dec53eb498b894f497ecc854a4f20814c295bdbc6/traits-7.1.0-cp314-cp314t-macosx_10_15_x86_64.whl", hash = "sha256:7cdd1447b76d1e3929fd5562f0e9d3db989224cfbe30b75a0ef5b2d7b31b466d", size = 5038381, upload-time = "2025-12-17T17:47:28.711Z" },
    { url = "https://files.pythonhosted.org/packages/51/30/0c111ea28feb3996d2c91dcf7c04f17e1bb0a92897ae250a989641c1d925/traits-7.1.0-cp314-cp314t-macosx_11_0_arm64.whl", hash = "sha256:fa4cb86ca47c34135b7df5b71c86c831804b1492e67a1edd63199a533932a468", size = 5038781, upload-time = "2025-12-17T17:50:10.27Z" },
    { url = "https://files.pythonhosted.org/packages/c5/b2/a6183065d43d6d453a4bd0f8ed9a0be32ad6964ba1c5a803520b1a074779/traits-7.1.0-cp314-cp314t-manylinux1_x86_64.manylinux_2_28_x86_64.manylinux_2_5_x86_64.whl", hash = "sha256:bcefacb85fa73d9237e590e8ee8cb48ca5486a9ac0b5fcfd5c2c02b3a06925cb", size = 5175573, upload-time = "2025-12-17T17:45:31.84Z" },
    { url = "https://files.pythonhosted.org/packages/83/39/6d0fa7369ae69e758cff864046a5a7413b7b28b5129bdf56af369bb3feff/traits-7.1.0-cp314-cp314t-musllinux_1_2_x86_64.whl", hash = "sha256:cb6d1352e52b6e5e401cbaf93b80dd18a82ca0bdc187a3049721def37a2157f3", size = 5171779, upload-time = "2025-12-17T17:45:33.093Z" },
    { url = "https://files.pythonhosted.org/packages/ee/eb/5c369d4adf3fa385790d3bcadf712b557efa4b6856271caf1579ab677b68/traits-7.1.0-cp314-cp314t-win32.whl", hash = "sha256:f49cfd31c6b37b9b4636cc55297d9f559e1d0acc72982a5595295363a343034c", size = 5036619, upload-time = "2025-12-17T17:52:03.568Z" },
    { url = "https://files.pythonhosted.org/packages/b3/44/dbc670dd78e9e07a1404629c25a9cc92101406c4f13c36efba69d8f38772/traits-7.1.0-cp314-cp314t-win_amd64.whl", hash = "sha256:ba71d90ba599b9d595aba6130e6f7ebb27ec7783c5b0f9a631240c4483fbab99", size = 5040110, upload-time = "2025-12-17T17:52:04.701Z" },
]

[[package]]
name = "traitsui"
version = "8.0.0"
source = { registry = "https://pypi.org/simple" }
dependencies = [
    { name = "pyface" },
    { name = "traits" },
]
sdist = { url = "https://files.pythonhosted.org/packages/5e/ce/f8f3d97659822cac8ff6b80b4636161126d3a13a86a8c0d407498611d506/traitsui-8.0.0.tar.gz", hash = "sha256:901b9d1cbc45513e00a7397677b098441b28774b688f30a159bad4801bf40364", size = 6774847, upload-time = "2023-05-22T15:07:21.5Z" }
wheels = [
    { url = "https://files.pythonhosted.org/packages/6e/c7/c96fcb966c1c61fbf2b58219cfa394d2c7160f31c9f4728402ead8f9a17c/traitsui-8.0.0-py3-none-any.whl", hash = "sha256:0e09c0965a8de12dd05e0b4bbdae31bdd576fa551fdaaf2f4e13ac4aa51980ee", size = 1524098, upload-time = "2023-05-22T15:07:19.473Z" },
]
